
Microsoft Visual Studio Solution File, Format Version 12.00
# Visual Studio 16
Project("{8BC9CEB8-8B4A-11D0-8D11-00A0C91BC942}") = "Je.Playground", "Je.Playground\Je.Playground.vcxproj", "{2705B7EC-93C5-3223-5C00-7CA0C87F77FF}"
EndProject
Project("{8BC9CEB8-8B4A-11D0-8D11-00A0C91BC942}") = "Je.Engine", "Je.Engine\Je.Engine.vcxproj", "{78DFF951-E449-AEC8-2D88-5F6E99318C1D}"
EndProject
Global
	GlobalSection(SolutionConfigurationPlatforms) = preSolution
		Debug|x64 = Debug|x64
		Release|x64 = Release|x64
	EndGlobalSection
	GlobalSection(ProjectConfigurationPlatforms) = postSolution
		{2705B7EC-93C5-3223-5C00-7CA0C87F77FF}.Debug|x64.ActiveCfg = Debug|x64
		{2705B7EC-93C5-3223-5C00-7CA0C87F77FF}.Debug|x64.Build.0 = Debug|x64
		{2705B7EC-93C5-3223-5C00-7CA0C87F77FF}.Release|x64.ActiveCfg = Release|x64
		{2705B7EC-93C5-3223-5C00-7CA0C87F77FF}.Release|x64.Build.0 = Release|x64
		{78DFF951-E449-AEC8-2D88-5F6E99318C1D}.Debug|x64.ActiveCfg = Debug|x64
		{78DFF951-E449-AEC8-2D88-5F6E99318C1D}.Debug|x64.Build.0 = Debug|x64
		{78DFF951-E449-AEC8-2D88-5F6E99318C1D}.Release|x64.ActiveCfg = Release|x64
		{78DFF951-E449-AEC8-2D88-5F6E99318C1D}.Release|x64.Build.0 = Release|x64
	EndGlobalSection
	GlobalSection(SolutionProperties) = preSolution
		HideSolutionNode = FALSE
	EndGlobalSection
EndGlobal
